
Microsoft Visual Studio Solution File, Format Version 12.00
# Visual Studio Version 17
VisualStudioVersion = 17.5.33516.290
MinimumVisualStudioVersion = 10.0.40219.1
Project("{FAE04EC0-301F-11D3-BF4B-00C04F79EFBC}") = "FileUploadApi", "FileUploadApi\FileUploadApi.csproj", "{485E5DAA-EBA7-4B53-9A2A-A027844F8A80}"
EndProject
Global
	GlobalSection(SolutionConfigurationPlatforms) = preSolution
		Debug|Any CPU = Debug|Any CPU
		Release|Any CPU = Release|Any CPU
	EndGlobalSection
	GlobalSection(ProjectConfigurationPlatforms) = postSolution
		{485E5DAA-EBA7-4B53-9A2A-A027844F8A80}.Debug|Any CPU.ActiveCfg = Debug|Any CPU
		{485E5DAA-EBA7-4B53-9A2A-A027844F8A80}.Debug|Any CPU.Build.0 = Debug|Any CPU
		{485E5DAA-EBA7-4B53-9A2A-A027844F8A80}.Release|Any CPU.ActiveCfg = Release|Any CPU
		{485E5DAA-EBA7-4B53-9A2A-A027844F8A80}.Release|Any CPU.Build.0 = Release|Any CPU
	EndGlobalSection
	GlobalSection(SolutionProperties) = preSolution
		HideSolutionNode = FALSE
	EndGlobalSection
	GlobalSection(ExtensibilityGlobals) = postSolution
		SolutionGuid = {CCE0264C-91FD-42CB-89C4-0D5A1AC607D9}
	EndGlobalSection
EndGlobal
